
Microsoft Visual Studio Solution File, Format Version 12.00
# Visual Studio Version 17
VisualStudioVersion = 17.0.31903.59
MinimumVisualStudioVersion = 10.0.40219.1
Project("{FAE04EC0-301F-11D3-BF4B-00C04F79EFBC}") = "calculadora", "Calculadora\calculadora.csproj", "{DE1FFEC5-690D-4C6C-998F-1D64E485FBF2}"
EndProject
Project("{FAE04EC0-301F-11D3-BF4B-00C04F79EFBC}") = "CalculadoraTestes", "CalculadoraTestes\CalculadoraTestes.csproj", "{0915A0F2-5DAC-4245-A2D1-F40124DDE994}"
EndProject
Global
	GlobalSection(SolutionConfigurationPlatforms) = preSolution
		Debug|Any CPU = Debug|Any CPU
		Release|Any CPU = Release|Any CPU
	EndGlobalSection
	GlobalSection(SolutionProperties) = preSolution
		HideSolutionNode = FALSE
	EndGlobalSection
	GlobalSection(ProjectConfigurationPlatforms) = postSolution
		{DE1FFEC5-690D-4C6C-998F-1D64E485FBF2}.Debug|Any CPU.ActiveCfg = Debug|Any CPU
		{DE1FFEC5-690D-4C6C-998F-1D64E485FBF2}.Debug|Any CPU.Build.0 = Debug|Any CPU
		{DE1FFEC5-690D-4C6C-998F-1D64E485FBF2}.Release|Any CPU.ActiveCfg = Release|Any CPU
		{DE1FFEC5-690D-4C6C-998F-1D64E485FBF2}.Release|Any CPU.Build.0 = Release|Any CPU
		{0915A0F2-5DAC-4245-A2D1-F40124DDE994}.Debug|Any CPU.ActiveCfg = Debug|Any CPU
		{0915A0F2-5DAC-4245-A2D1-F40124DDE994}.Debug|Any CPU.Build.0 = Debug|Any CPU
		{0915A0F2-5DAC-4245-A2D1-F40124DDE994}.Release|Any CPU.ActiveCfg = Release|Any CPU
		{0915A0F2-5DAC-4245-A2D1-F40124DDE994}.Release|Any CPU.Build.0 = Release|Any CPU
	EndGlobalSection
EndGlobal
